
Microsoft Visual Studio Solution File, Format Version 12.00
# Visual Studio 14
VisualStudioVersion = 14.0.25420.1
MinimumVisualStudioVersion = 10.0.40219.1
Project("{FAE04EC0-301F-11D3-BF4B-00C04F79EFBC}") = "ClassLibraryTest1", "ClassLibraryTest1\ClassLibraryTest1.csproj", "{B0AE08A6-8004-47ED-B197-5B7501CF8C0F}"
EndProject
Project("{FAE04EC0-301F-11D3-BF4B-00C04F79EFBC}") = "ClassLibraryTest1Tests", "ClassLibraryTest1Tests\ClassLibraryTest1Tests.csproj", "{F7FF9E28-1FB2-4F60-B19C-9F5AF9ECEDEF}"
EndProject
Global
	GlobalSection(SolutionConfigurationPlatforms) = preSolution
		Debug|Any CPU = Debug|Any CPU
		Release|Any CPU = Release|Any CPU
	EndGlobalSection
	GlobalSection(ProjectConfigurationPlatforms) = postSolution
		{B0AE08A6-8004-47ED-B197-5B7501CF8C0F}.Debug|Any CPU.ActiveCfg = Debug|Any CPU
		{B0AE08A6-8004-47ED-B197-5B7501CF8C0F}.Debug|Any CPU.Build.0 = Debug|Any CPU
		{B0AE08A6-8004-47ED-B197-5B7501CF8C0F}.Release|Any CPU.ActiveCfg = Release|Any CPU
		{B0AE08A6-8004-47ED-B197-5B7501CF8C0F}.Release|Any CPU.Build.0 = Release|Any CPU
		{F7FF9E28-1FB2-4F60-B19C-9F5AF9ECEDEF}.Debug|Any CPU.ActiveCfg = Debug|Any CPU
		{F7FF9E28-1FB2-4F60-B19C-9F5AF9ECEDEF}.Debug|Any CPU.Build.0 = Debug|Any CPU
		{F7FF9E28-1FB2-4F60-B19C-9F5AF9ECEDEF}.Release|Any CPU.ActiveCfg = Release|Any CPU
		{F7FF9E28-1FB2-4F60-B19C-9F5AF9ECEDEF}.Release|Any CPU.Build.0 = Release|Any CPU
	EndGlobalSection
	GlobalSection(SolutionProperties) = preSolution
		HideSolutionNode = FALSE
	EndGlobalSection
EndGlobal
